{
	"name": "vscode-modaledit",
	"version": "2.1.0",
	"lockfileVersion": 3,
	"requires": true,
	"packages": {
		"": {
			"name": "vscode-modaledit",
			"version": "2.1.0",
			"license": "MPL-2.0",
			"devDependencies": {
				"@types/node": "^24.3.0",
				"@types/vscode": "^1.103.0"
			},
			"engines": {
				"vscode": "^1.47.0"
			}
		},
		"node_modules/@types/node": {
			"version": "24.3.0",
			"resolved": "https://registry.npmjs.org/@types/node/-/node-24.3.0.tgz",
			"integrity": "sha512-aPTXCrfwnDLj4VvXrm+UUCQjNEvJgNA8s5F1cvwQU+3KNltTOkBm1j30uNLyqqPNe7gE3KFzImYoZEfLhp4Yow==",
			"dev": true,
			"license": "MIT",
			"dependencies": {
				"undici-types": "~7.10.0"
			}
		},
		"node_modules/@types/vscode": {
			"version": "1.103.0",
			"resolved": "https://registry.npmjs.org/@types/vscode/-/vscode-1.103.0.tgz",
			"integrity": "sha512-o4hanZAQdNfsKecexq9L3eHICd0AAvdbLk6hA60UzGXbGH/q8b/9xv2RgR7vV3ZcHuyKVq7b37IGd/+gM4Tu+Q==",
			"dev": true,
			"license": "MIT"
		},
		"node_modules/undici-types": {
			"version": "7.10.0",
			"resolved": "https://registry.npmjs.org/undici-types/-/undici-types-7.10.0.tgz",
			"integrity": "sha512-t5Fy/nfn+14LuOc2KNYg75vZqClpAiqscVvMygNnlsHBFpSXdJaYtXMcdNLpl/Qvc3P2cB3s6lOV51nqsFq4ag==",
			"dev": true,
			"license": "MIT"
		}
	}
}
